
Microsoft Visual Studio Solution File, Format Version 12.00
# Visual Studio 15
VisualStudioVersion = 15.0.27703.2035
MinimumVisualStudioVersion = 10.0.40219.1
Project("{FAE04EC0-301F-11D3-BF4B-00C04F79EFBC}") = "SkiaSharpTest", "SkiaSharpTest\SkiaSharpTest.csproj", "{B784316A-7826-408B-AE49-972FDECFBB0B}"
EndProject
Global
	GlobalSection(SolutionConfigurationPlatforms) = preSolution
		Debug|Any CPU = Debug|Any CPU
		Release|Any CPU = Release|Any CPU
	EndGlobalSection
	GlobalSection(ProjectConfigurationPlatforms) = postSolution
		{B784316A-7826-408B-AE49-972FDECFBB0B}.Debug|Any CPU.ActiveCfg = Debug|Any CPU
		{B784316A-7826-408B-AE49-972FDECFBB0B}.Debug|Any CPU.Build.0 = Debug|Any CPU
		{B784316A-7826-408B-AE49-972FDECFBB0B}.Release|Any CPU.ActiveCfg = Release|Any CPU
		{B784316A-7826-408B-AE49-972FDECFBB0B}.Release|Any CPU.Build.0 = Release|Any CPU
	EndGlobalSection
	GlobalSection(SolutionProperties) = preSolution
		HideSolutionNode = FALSE
	EndGlobalSection
	GlobalSection(ExtensibilityGlobals) = postSolution
		SolutionGuid = {1FBE785D-0C0A-49DC-9708-961E53A48B96}
	EndGlobalSection
EndGlobal
